
Microsoft Visual Studio Solution File, Format Version 12.00
# Visual Studio Version 16
VisualStudioVersion = 16.0.29424.173
MinimumVisualStudioVersion = 10.0.40219.1
Project("{FAE04EC0-301F-11D3-BF4B-00C04F79EFBC}") = "addressbook-web-tests", "addressbook-web-tests.csproj", "{5FC39075-7411-4F9A-8FD8-79502D9CC8BF}"
EndProject
Project("{FAE04EC0-301F-11D3-BF4B-00C04F79EFBC}") = "addressbook-test-data-generators", "..\addressbook-test-data-generators\addressbook-test-data-generators.csproj", "{ABB2556A-3469-435C-9D49-6F53CA9F15B2}"
	ProjectSection(ProjectDependencies) = postProject
		{5FC39075-7411-4F9A-8FD8-79502D9CC8BF} = {5FC39075-7411-4F9A-8FD8-79502D9CC8BF}
	EndProjectSection
EndProject
Global
	GlobalSection(SolutionConfigurationPlatforms) = preSolution
		Debug|Any CPU = Debug|Any CPU
		Release|Any CPU = Release|Any CPU
	EndGlobalSection
	GlobalSection(ProjectConfigurationPlatforms) = postSolution
		{5FC39075-7411-4F9A-8FD8-79502D9CC8BF}.Debug|Any CPU.ActiveCfg = Debug|Any CPU
		{5FC39075-7411-4F9A-8FD8-79502D9CC8BF}.Debug|Any CPU.Build.0 = Debug|Any CPU
		{5FC39075-7411-4F9A-8FD8-79502D9CC8BF}.Release|Any CPU.ActiveCfg = Release|Any CPU
		{5FC39075-7411-4F9A-8FD8-79502D9CC8BF}.Release|Any CPU.Build.0 = Release|Any CPU
		{ABB2556A-3469-435C-9D49-6F53CA9F15B2}.Debug|Any CPU.ActiveCfg = Debug|Any CPU
		{ABB2556A-3469-435C-9D49-6F53CA9F15B2}.Debug|Any CPU.Build.0 = Debug|Any CPU
		{ABB2556A-3469-435C-9D49-6F53CA9F15B2}.Release|Any CPU.ActiveCfg = Release|Any CPU
		{ABB2556A-3469-435C-9D49-6F53CA9F15B2}.Release|Any CPU.Build.0 = Release|Any CPU
	EndGlobalSection
	GlobalSection(SolutionProperties) = preSolution
		HideSolutionNode = FALSE
	EndGlobalSection
	GlobalSection(ExtensibilityGlobals) = postSolution
		SolutionGuid = {087D1F2F-AC65-4475-9CDA-87489F262580}
	EndGlobalSection
EndGlobal
